
Microsoft Visual Studio Solution File, Format Version 12.00
# Visual Studio Version 17
VisualStudioVersion = 17.9.34728.123
MinimumVisualStudioVersion = 10.0.40219.1
Project("{FAE04EC0-301F-11D3-BF4B-00C04F79EFBC}") = "SGATOriente", "SGATOriente\SGATOriente.csproj", "{2C77AD5D-54C1-4C11-AB29-FBC6AB19CE4B}"
EndProject
Global
	GlobalSection(SolutionConfigurationPlatforms) = preSolution
		Debug|Any CPU = Debug|Any CPU
		Release|Any CPU = Release|Any CPU
	EndGlobalSection
	GlobalSection(ProjectConfigurationPlatforms) = postSolution
		{2C77AD5D-54C1-4C11-AB29-FBC6AB19CE4B}.Debug|Any CPU.ActiveCfg = Debug|Any CPU
		{2C77AD5D-54C1-4C11-AB29-FBC6AB19CE4B}.Debug|Any CPU.Build.0 = Debug|Any CPU
		{2C77AD5D-54C1-4C11-AB29-FBC6AB19CE4B}.Release|Any CPU.ActiveCfg = Release|Any CPU
		{2C77AD5D-54C1-4C11-AB29-FBC6AB19CE4B}.Release|Any CPU.Build.0 = Release|Any CPU
	EndGlobalSection
	GlobalSection(SolutionProperties) = preSolution
		HideSolutionNode = FALSE
	EndGlobalSection
	GlobalSection(ExtensibilityGlobals) = postSolution
		SolutionGuid = {86B39FC5-1F07-4EBD-B0A3-1C9A008DD4A4}
	EndGlobalSection
EndGlobal
